# THIS IS AN AUTOGENERATED FILE. DO NOT EDIT THIS FILE DIRECTLY.
# yarn lockfile v1


cross-fetch@2.2.2:
  version "2.2.2"
  resolved "https://registry.yarnpkg.com/cross-fetch/-/cross-fetch-2.2.2.tgz#a47ff4f7fc712daba8f6a695a11c948440d45723"
  integrity sha1-pH/09/xxLauo9qaVoRyUhEDUVyM=
  dependencies:
    node-fetch "2.1.2"
    whatwg-fetch "2.0.4"

graphql-request@1.8.2:
  version "1.8.2"
  resolved "https://registry.yarnpkg.com/graphql-request/-/graphql-request-1.8.2.tgz#398d10ae15c585676741bde3fc01d5ca948f8fbe"
  integrity sha512-dDX2M+VMsxXFCmUX0Vo0TopIZIX4ggzOtiCsThgtrKR4niiaagsGTDIHj3fsOMFETpa064vzovI+4YV4QnMbcg==
  dependencies:
    cross-fetch "2.2.2"

micri@../../dist:
  version "0.0.0"

node-fetch@2.1.2:
  version "2.1.2"
  resolved "https://registry.yarnpkg.com/node-fetch/-/node-fetch-2.1.2.tgz#ab884e8e7e57e38a944753cec706f788d1768bb5"
  integrity sha1-q4hOjn5X44qUR1POxwb3iNF2i7U=

whatwg-fetch@2.0.4:
  version "2.0.4"
  resolved "https://registry.yarnpkg.com/whatwg-fetch/-/whatwg-fetch-2.0.4.tgz#dde6a5df315f9d39991aa17621853d720b85566f"
  integrity sha512-dcQ1GWpOD/eEQ97k66aiEVpNnapVj90/+R+SXTPYGHpYBBypfKJEQjLrvMZ7YXbKm21gXd4NcuxUTjiv1YtLng==
